
Microsoft Visual Studio Solution File, Format Version 12.00
# Visual Studio 15
VisualStudioVersion = 15.0.28307.489
MinimumVisualStudioVersion = 10.0.40219.1
Project("{2150E333-8FDC-42A3-9474-1A3956D46DE8}") = "BizLayer", "BizLayer", "{CAE99641-BEBC-4EDA-95ED-F1CA71C1A4FD}"
EndProject
Project("{FAE04EC0-301F-11D3-BF4B-00C04F79EFBC}") = "BLL", "BLL\BLL.csproj", "{6BAB3371-3468-4631-8B71-4CEF243F926E}"
EndProject
Project("{FAE04EC0-301F-11D3-BF4B-00C04F79EFBC}") = "IBLL", "IBLL\IBLL.csproj", "{9E3F5E46-F368-4807-B3F8-1697BC30E4D2}"
EndProject
Project("{2150E333-8FDC-42A3-9474-1A3956D46DE8}") = "Common", "Common", "{F175E874-3A3F-4669-8A13-4C257F3A9682}"
EndProject
Project("{FAE04EC0-301F-11D3-BF4B-00C04F79EFBC}") = "Common", "Common\Common.csproj", "{F481ED17-5984-42D4-9493-A26A53C5D35D}"
EndProject
Project("{FAE04EC0-301F-11D3-BF4B-00C04F79EFBC}") = "Models", "Models\Models.csproj", "{BEECA3A3-CC72-405D-84B1-A646A1222619}"
EndProject
Project("{2150E333-8FDC-42A3-9474-1A3956D46DE8}") = "DataLayer", "DataLayer", "{5A86B8C2-31F5-4C1D-AEF4-692E2E9B8A29}"
EndProject
Project("{2150E333-8FDC-42A3-9474-1A3956D46DE8}") = "ORM", "ORM", "{A5CA2A61-37B7-4DD0-B55D-52056E4F5273}"
EndProject
Project("{FAE04EC0-301F-11D3-BF4B-00C04F79EFBC}") = "ORM", "ORM\ORM.csproj", "{C769D8CE-0D4D-4048-9361-B96BC50AA301}"
EndProject
Project("{FAE04EC0-301F-11D3-BF4B-00C04F79EFBC}") = "ORMAttributes", "ORMAttributes\ORMAttributes.csproj", "{EC6CFFBE-E483-4DFA-9D7D-FC600C8A3AAB}"
EndProject
Project("{FAE04EC0-301F-11D3-BF4B-00C04F79EFBC}") = "DAL", "DAL\DAL.csproj", "{A3EE7162-92D2-4402-B502-C65A5C801589}"
EndProject
Project("{FAE04EC0-301F-11D3-BF4B-00C04F79EFBC}") = "RedisUtility", "RedisUtility\RedisUtility.csproj", "{BF70EA81-7D31-40E7-A750-37FF2964EF21}"
EndProject
Project("{FAE04EC0-301F-11D3-BF4B-00C04F79EFBC}") = "IDAL", "IDAL\IDAL.csproj", "{6F4192DE-BD68-4580-84F7-86C0086F65DB}"
EndProject
Project("{FAE04EC0-301F-11D3-BF4B-00C04F79EFBC}") = "DBUtility", "DBUtility\DBUtility.csproj", "{D38848F6-68BE-428D-9989-CAB826A4C578}"
EndProject
Project("{2150E333-8FDC-42A3-9474-1A3956D46DE8}") = "UI", "UI", "{12F4FFF9-FA4C-4F3A-A5F0-7A7018049DC2}"
EndProject
Project("{FAE04EC0-301F-11D3-BF4B-00C04F79EFBC}") = "ModbusMain", "ModbusMain\ModbusMain.csproj", "{FE2FCDED-858B-484F-AE46-9A6E9D9FFC1B}"
EndProject
Project("{FAE04EC0-301F-11D3-BF4B-00C04F79EFBC}") = "Modbus", "Modbus\Modbus.csproj", "{916787EE-5BFE-48DB-B71E-0B87B4DF2EC9}"
EndProject
Global
	GlobalSection(SubversionScc) = preSolution
		Svn-Managed = False
		Manager = AnkhSVN - Subversion Support for Visual Studio
	EndGlobalSection
	GlobalSection(SolutionConfigurationPlatforms) = preSolution
		Debug|Any CPU = Debug|Any CPU
		Release|Any CPU = Release|Any CPU
	EndGlobalSection
	GlobalSection(ProjectConfigurationPlatforms) = postSolution
		{6BAB3371-3468-4631-8B71-4CEF243F926E}.Debug|Any CPU.ActiveCfg = Debug|Any CPU
		{6BAB3371-3468-4631-8B71-4CEF243F926E}.Debug|Any CPU.Build.0 = Debug|Any CPU
		{6BAB3371-3468-4631-8B71-4CEF243F926E}.Release|Any CPU.ActiveCfg = Release|Any CPU
		{6BAB3371-3468-4631-8B71-4CEF243F926E}.Release|Any CPU.Build.0 = Release|Any CPU
		{9E3F5E46-F368-4807-B3F8-1697BC30E4D2}.Debug|Any CPU.ActiveCfg = Debug|Any CPU
		{9E3F5E46-F368-4807-B3F8-1697BC30E4D2}.Debug|Any CPU.Build.0 = Debug|Any CPU
		{9E3F5E46-F368-4807-B3F8-1697BC30E4D2}.Release|Any CPU.ActiveCfg = Release|Any CPU
		{9E3F5E46-F368-4807-B3F8-1697BC30E4D2}.Release|Any CPU.Build.0 = Release|Any CPU
		{F481ED17-5984-42D4-9493-A26A53C5D35D}.Debug|Any CPU.ActiveCfg = Debug|Any CPU
		{F481ED17-5984-42D4-9493-A26A53C5D35D}.Debug|Any CPU.Build.0 = Debug|Any CPU
		{F481ED17-5984-42D4-9493-A26A53C5D35D}.Release|Any CPU.ActiveCfg = Release|Any CPU
		{F481ED17-5984-42D4-9493-A26A53C5D35D}.Release|Any CPU.Build.0 = Release|Any CPU
		{BEECA3A3-CC72-405D-84B1-A646A1222619}.Debug|Any CPU.ActiveCfg = Debug|Any CPU
		{BEECA3A3-CC72-405D-84B1-A646A1222619}.Debug|Any CPU.Build.0 = Debug|Any CPU
		{BEECA3A3-CC72-405D-84B1-A646A1222619}.Release|Any CPU.ActiveCfg = Release|Any CPU
		{BEECA3A3-CC72-405D-84B1-A646A1222619}.Release|Any CPU.Build.0 = Release|Any CPU
		{C769D8CE-0D4D-4048-9361-B96BC50AA301}.Debug|Any CPU.ActiveCfg = Debug|Any CPU
		{C769D8CE-0D4D-4048-9361-B96BC50AA301}.Debug|Any CPU.Build.0 = Debug|Any CPU
		{C769D8CE-0D4D-4048-9361-B96BC50AA301}.Release|Any CPU.ActiveCfg = Release|Any CPU
		{C769D8CE-0D4D-4048-9361-B96BC50AA301}.Release|Any CPU.Build.0 = Release|Any CPU
		{EC6CFFBE-E483-4DFA-9D7D-FC600C8A3AAB}.Debug|Any CPU.ActiveCfg = Debug|Any CPU
		{EC6CFFBE-E483-4DFA-9D7D-FC600C8A3AAB}.Debug|Any CPU.Build.0 = Debug|Any CPU
		{EC6CFFBE-E483-4DFA-9D7D-FC600C8A3AAB}.Release|Any CPU.ActiveCfg = Release|Any CPU
		{EC6CFFBE-E483-4DFA-9D7D-FC600C8A3AAB}.Release|Any CPU.Build.0 = Release|Any CPU
		{A3EE7162-92D2-4402-B502-C65A5C801589}.Debug|Any CPU.ActiveCfg = Debug|Any CPU
		{A3EE7162-92D2-4402-B502-C65A5C801589}.Debug|Any CPU.Build.0 = Debug|Any CPU
		{A3EE7162-92D2-4402-B502-C65A5C801589}.Release|Any CPU.ActiveCfg = Release|Any CPU
		{A3EE7162-92D2-4402-B502-C65A5C801589}.Release|Any CPU.Build.0 = Release|Any CPU
		{BF70EA81-7D31-40E7-A750-37FF2964EF21}.Debug|Any CPU.ActiveCfg = Debug|Any CPU
		{BF70EA81-7D31-40E7-A750-37FF2964EF21}.Debug|Any CPU.Build.0 = Debug|Any CPU
		{BF70EA81-7D31-40E7-A750-37FF2964EF21}.Release|Any CPU.ActiveCfg = Release|Any CPU
		{BF70EA81-7D31-40E7-A750-37FF2964EF21}.Release|Any CPU.Build.0 = Release|Any CPU
		{6F4192DE-BD68-4580-84F7-86C0086F65DB}.Debug|Any CPU.ActiveCfg = Debug|Any CPU
		{6F4192DE-BD68-4580-84F7-86C0086F65DB}.Debug|Any CPU.Build.0 = Debug|Any CPU
		{6F4192DE-BD68-4580-84F7-86C0086F65DB}.Release|Any CPU.ActiveCfg = Release|Any CPU
		{6F4192DE-BD68-4580-84F7-86C0086F65DB}.Release|Any CPU.Build.0 = Release|Any CPU
		{D38848F6-68BE-428D-9989-CAB826A4C578}.Debug|Any CPU.ActiveCfg = Debug|Any CPU
		{D38848F6-68BE-428D-9989-CAB826A4C578}.Debug|Any CPU.Build.0 = Debug|Any CPU
		{D38848F6-68BE-428D-9989-CAB826A4C578}.Release|Any CPU.ActiveCfg = Release|Any CPU
		{D38848F6-68BE-428D-9989-CAB826A4C578}.Release|Any CPU.Build.0 = Release|Any CPU
		{FE2FCDED-858B-484F-AE46-9A6E9D9FFC1B}.Debug|Any CPU.ActiveCfg = Debug|Any CPU
		{FE2FCDED-858B-484F-AE46-9A6E9D9FFC1B}.Debug|Any CPU.Build.0 = Debug|Any CPU
		{FE2FCDED-858B-484F-AE46-9A6E9D9FFC1B}.Release|Any CPU.ActiveCfg = Release|Any CPU
		{FE2FCDED-858B-484F-AE46-9A6E9D9FFC1B}.Release|Any CPU.Build.0 = Release|Any CPU
		{916787EE-5BFE-48DB-B71E-0B87B4DF2EC9}.Debug|Any CPU.ActiveCfg = Debug|Any CPU
		{916787EE-5BFE-48DB-B71E-0B87B4DF2EC9}.Debug|Any CPU.Build.0 = Debug|Any CPU
		{916787EE-5BFE-48DB-B71E-0B87B4DF2EC9}.Release|Any CPU.ActiveCfg = Release|Any CPU
		{916787EE-5BFE-48DB-B71E-0B87B4DF2EC9}.Release|Any CPU.Build.0 = Release|Any CPU
	EndGlobalSection
	GlobalSection(SolutionProperties) = preSolution
		HideSolutionNode = FALSE
	EndGlobalSection
	GlobalSection(NestedProjects) = preSolution
		{6BAB3371-3468-4631-8B71-4CEF243F926E} = {CAE99641-BEBC-4EDA-95ED-F1CA71C1A4FD}
		{9E3F5E46-F368-4807-B3F8-1697BC30E4D2} = {CAE99641-BEBC-4EDA-95ED-F1CA71C1A4FD}
		{F481ED17-5984-42D4-9493-A26A53C5D35D} = {F175E874-3A3F-4669-8A13-4C257F3A9682}
		{BEECA3A3-CC72-405D-84B1-A646A1222619} = {F175E874-3A3F-4669-8A13-4C257F3A9682}
		{A5CA2A61-37B7-4DD0-B55D-52056E4F5273} = {5A86B8C2-31F5-4C1D-AEF4-692E2E9B8A29}
		{C769D8CE-0D4D-4048-9361-B96BC50AA301} = {A5CA2A61-37B7-4DD0-B55D-52056E4F5273}
		{EC6CFFBE-E483-4DFA-9D7D-FC600C8A3AAB} = {A5CA2A61-37B7-4DD0-B55D-52056E4F5273}
		{A3EE7162-92D2-4402-B502-C65A5C801589} = {5A86B8C2-31F5-4C1D-AEF4-692E2E9B8A29}
		{BF70EA81-7D31-40E7-A750-37FF2964EF21} = {5A86B8C2-31F5-4C1D-AEF4-692E2E9B8A29}
		{6F4192DE-BD68-4580-84F7-86C0086F65DB} = {5A86B8C2-31F5-4C1D-AEF4-692E2E9B8A29}
		{D38848F6-68BE-428D-9989-CAB826A4C578} = {5A86B8C2-31F5-4C1D-AEF4-692E2E9B8A29}
		{FE2FCDED-858B-484F-AE46-9A6E9D9FFC1B} = {12F4FFF9-FA4C-4F3A-A5F0-7A7018049DC2}
		{916787EE-5BFE-48DB-B71E-0B87B4DF2EC9} = {F175E874-3A3F-4669-8A13-4C257F3A9682}
	EndGlobalSection
	GlobalSection(ExtensibilityGlobals) = postSolution
		SolutionGuid = {04CBEE3A-D0C3-4627-87DD-FE4FA58C91D9}
	EndGlobalSection
EndGlobal
